# This file is automatically @generated by Cargo.
# It is not intended for manual editing.
version = 3

[[package]]
name = "rusty_bench"
version = "0.1.0"
dependencies = [
 "tiny-bench",
]

[[package]]
name = "tiny-bench"
version = "0.2.0"
source = "registry+https://github.com/rust-lang/crates.io-index"
checksum = "0b5d366a619c58cc621169d481d049b286553c87ba10c17f1ceef2274f9b8ab7"
